{
  "name": "tasks-web",
  "version": "0.0.1",
  "lockfileVersion": 1,
  "requires": true,
  "dependencies": {
    "@fizker/serve": {
      "version": "0.3.0",
      "resolved": "https://registry.npmjs.org/@fizker/serve/-/serve-0.3.0.tgz",
      "integrity": "sha512-GfDZL+GIDLhg2QRAT2QnJ6gpZEYSfZPTwjtCKMdQl2aAp7Tuqe2RroI8ibfUY0aZfDecjbz3neFJd5qKjGvWqA==",
      "dev": true
    },
    "@fizker/serve-prepare": {
      "version": "0.3.0",
      "resolved": "https://registry.npmjs.org/@fizker/serve-prepare/-/serve-prepare-0.3.0.tgz",
      "integrity": "sha512-uSvwNjfiDHaZ3py9PRjEpRooEDDoE9+2iK+8fs9KGJAS6iQfMUuucXTDWBxM0EYTLjyC+tcf+jlvZ+Z6qEIVaA==",
      "dev": true,
      "requires": {
        "@fizker/serve": "^0.3.0",
        "mime": "^2.4.4"
      }
    },
    "mime": {
      "version": "2.5.2",
      "resolved": "https://registry.npmjs.org/mime/-/mime-2.5.2.tgz",
      "integrity": "sha512-tqkh47FzKeCPD2PUiPB6pkbMzsCasjxAfC62/Wap5qrUWcb+sFasXUC5I3gYM5iBM8v/Qpn4UK0x+j0iHyFPDg==",
      "dev": true
    }
  }
}
